
Microsoft Visual Studio Solution File, Format Version 12.00
# Visual Studio Version 17
VisualStudioVersion = 17.10.35122.118
MinimumVisualStudioVersion = 10.0.40219.1
Project("{FAE04EC0-301F-11D3-BF4B-00C04F79EFBC}") = "Colecciones_2", "Colecciones_2.csproj", "{65821FB4-58B5-4760-A981-4D9BB8DFB2FD}"
EndProject
Global
	GlobalSection(SolutionConfigurationPlatforms) = preSolution
		Debug|Any CPU = Debug|Any CPU
		Release|Any CPU = Release|Any CPU
	EndGlobalSection
	GlobalSection(ProjectConfigurationPlatforms) = postSolution
		{65821FB4-58B5-4760-A981-4D9BB8DFB2FD}.Debug|Any CPU.ActiveCfg = Debug|Any CPU
		{65821FB4-58B5-4760-A981-4D9BB8DFB2FD}.Debug|Any CPU.Build.0 = Debug|Any CPU
		{65821FB4-58B5-4760-A981-4D9BB8DFB2FD}.Release|Any CPU.ActiveCfg = Release|Any CPU
		{65821FB4-58B5-4760-A981-4D9BB8DFB2FD}.Release|Any CPU.Build.0 = Release|Any CPU
	EndGlobalSection
	GlobalSection(SolutionProperties) = preSolution
		HideSolutionNode = FALSE
	EndGlobalSection
	GlobalSection(ExtensibilityGlobals) = postSolution
		SolutionGuid = {2F8969B5-7EA8-408D-9EDF-123B0C4240E8}
	EndGlobalSection
EndGlobal
